// !$*UTF8*$!
{
	archiveVersion = 1;
	classes = {
	};
	objectVersion = 46;
	objects = {

/* Begin PBXBuildFile section */
		A72010831C5F0335007A09C5 /* LICENSE in Resources */ = {isa = PBXBuildFile; fileRef = A720107F1C5F0335007A09C5 /* LICENSE */; };
		A72010841C5F0335007A09C5 /* MBProgressHUD.m in Sources */ = {isa = PBXBuildFile; fileRef = A72010811C5F0335007A09C5 /* MBProgressHUD.m */; };
		A72010851C5F0335007A09C5 /* README.mdown in Sources */ = {isa = PBXBuildFile; fileRef = A72010821C5F0335007A09C5 /* README.mdown */; };
		A7578B6A1CAD1CFF00BCE34F /* BezierPath.m in Sources */ = {isa = PBXBuildFile; fileRef = A7578B691CAD1CFF00BCE34F /* BezierPath.m */; };
		A7578B6D1CAD1D6000BCE34F /* UIBezierPath+GXDevelop.m in Sources */ = {isa = PBXBuildFile; fileRef = A7578B6C1CAD1D6000BCE34F /* UIBezierPath+GXDevelop.m */; };
		A7578B701CAD2B6900BCE34F /* CAGradientLayer+GXDevelop.m in Sources */ = {isa = PBXBuildFile; fileRef = A7578B6F1CAD2B6900BCE34F /* CAGradientLayer+GXDevelop.m */; };
		A75987C21C5B1B4800953CB7 /* main.m in Sources */ = {isa = PBXBuildFile; fileRef = A75987C11C5B1B4800953CB7 /* main.m */; };
		A75987C51C5B1B4800953CB7 /* AppDelegate.m in Sources */ = {isa = PBXBuildFile; fileRef = A75987C41C5B1B4800953CB7 /* AppDelegate.m */; };
		A75987C81C5B1B4800953CB7 /* ViewController.m in Sources */ = {isa = PBXBuildFile; fileRef = A75987C71C5B1B4800953CB7 /* ViewController.m */; };
		A75987CB1C5B1B4800953CB7 /* Main.storyboard in Resources */ = {isa = PBXBuildFile; fileRef = A75987C91C5B1B4800953CB7 /* Main.storyboard */; };
		A75987CD1C5B1B4800953CB7 /* Assets.xcassets in Resources */ = {isa = PBXBuildFile; fileRef = A75987CC1C5B1B4800953CB7 /* Assets.xcassets */; };
		A75987D01C5B1B4800953CB7 /* LaunchScreen.storyboard in Resources */ = {isa = PBXBuildFile; fileRef = A75987CE1C5B1B4800953CB7 /* LaunchScreen.storyboard */; };
		A75987DB1C5B1B4900953CB7 /* GCXDevelopDemoTests.m in Sources */ = {isa = PBXBuildFile; fileRef = A75987DA1C5B1B4900953CB7 /* GCXDevelopDemoTests.m */; };
		A75987E61C5B1B4900953CB7 /* GCXDevelopDemoUITests.m in Sources */ = {isa = PBXBuildFile; fileRef = A75987E51C5B1B4900953CB7 /* GCXDevelopDemoUITests.m */; };
		A7726CCB1CAA83FF00EAA31D /* GXDevelopExtern.m in Sources */ = {isa = PBXBuildFile; fileRef = A7726CCA1CAA83FF00EAA31D /* GXDevelopExtern.m */; };
		A7EB74321CA936F50091B3B2 /* CALayer+GXDevelop.m in Sources */ = {isa = PBXBuildFile; fileRef = A7EB74131CA936F50091B3B2 /* CALayer+GXDevelop.m */; };
		A7EB74331CA936F50091B3B2 /* GXFrameInButton.m in Sources */ = {isa = PBXBuildFile; fileRef = A7EB74171CA936F50091B3B2 /* GXFrameInButton.m */; };
		A7EB74341CA936F50091B3B2 /* MBProgressHUD+GXDevelop.m in Sources */ = {isa = PBXBuildFile; fileRef = A7EB74191CA936F50091B3B2 /* MBProgressHUD+GXDevelop.m */; };
		A7EB74351CA936F50091B3B2 /* NSAttributedString+GXDevelop.m in Sources */ = {isa = PBXBuildFile; fileRef = A7EB741B1CA936F50091B3B2 /* NSAttributedString+GXDevelop.m */; };
		A7EB74361CA936F50091B3B2 /* NSData+GXDevelop.m in Sources */ = {isa = PBXBuildFile; fileRef = A7EB741D1CA936F50091B3B2 /* NSData+GXDevelop.m */; };
		A7EB74371CA936F50091B3B2 /* NSFileManager+GXDevelop.m in Sources */ = {isa = PBXBuildFile; fileRef = A7EB741F1CA936F50091B3B2 /* NSFileManager+GXDevelop.m */; };
		A7EB74381CA936F50091B3B2 /* NSString+GXDevelop.m in Sources */ = {isa = PBXBuildFile; fileRef = A7EB74211CA936F50091B3B2 /* NSString+GXDevelop.m */; };
		A7EB74391CA936F50091B3B2 /* UIButton+GXDevelop.m in Sources */ = {isa = PBXBuildFile; fileRef = A7EB74231CA936F50091B3B2 /* UIButton+GXDevelop.m */; };
		A7EB743A1CA936F50091B3B2 /* UIDevice+GXDevelop.m in Sources */ = {isa = PBXBuildFile; fileRef = A7EB74251CA936F50091B3B2 /* UIDevice+GXDevelop.m */; };
		A7EB743B1CA936F50091B3B2 /* UIImage+GXDevelop.m in Sources */ = {isa = PBXBuildFile; fileRef = A7EB74271CA936F50091B3B2 /* UIImage+GXDevelop.m */; };
		A7EB743C1CA936F50091B3B2 /* UIImageView+GXDevelop.m in Sources */ = {isa = PBXBuildFile; fileRef = A7EB74291CA936F50091B3B2 /* UIImageView+GXDevelop.m */; };
		A7EB743D1CA936F50091B3B2 /* UILabel+GXDevelop.m in Sources */ = {isa = PBXBuildFile; fileRef = A7EB742B1CA936F50091B3B2 /* UILabel+GXDevelop.m */; };
		A7EB743E1CA936F50091B3B2 /* UIPageControl+GXDevelop.m in Sources */ = {isa = PBXBuildFile; fileRef = A7EB742D1CA936F50091B3B2 /* UIPageControl+GXDevelop.m */; };
		A7EB743F1CA936F50091B3B2 /* UIView+GXDevelop.m in Sources */ = {isa = PBXBuildFile; fileRef = A7EB742F1CA936F50091B3B2 /* UIView+GXDevelop.m */; };
		A7EB74401CA936F50091B3B2 /* UIView+GXDevelopAnimation.m in Sources */ = {isa = PBXBuildFile; fileRef = A7EB74311CA936F50091B3B2 /* UIView+GXDevelopAnimation.m */; };
/* End PBXBuildFile section */

/* Begin PBXContainerItemProxy section */
		A75987D71C5B1B4900953CB7 /* PBXContainerItemProxy */ = {
			isa = PBXContainerItemProxy;
			containerPortal = A75987B51C5B1B4800953CB7 /* Project object */;
			proxyType = 1;
			remoteGlobalIDString = A75987BC1C5B1B4800953CB7;
			remoteInfo = GCXDevelopDemo;
		};
		A75987E21C5B1B4900953CB7 /* PBXContainerItemProxy */ = {
			isa = PBXContainerItemProxy;
			containerPortal = A75987B51C5B1B4800953CB7 /* Project object */;
			proxyType = 1;
			remoteGlobalIDString = A75987BC1C5B1B4800953CB7;
			remoteInfo = GCXDevelopDemo;
		};
/* End PBXContainerItemProxy section */

/* Begin PBXFileReference section */
		A720107F1C5F0335007A09C5 /* LICENSE */ = {isa = PBXFileReference; fileEncoding = 4; lastKnownFileType = text; path = LICENSE; sourceTree = "<group>"; };
		A72010801C5F0335007A09C5 /* MBProgressHUD.h */ = {isa = PBXFileReference; fileEncoding = 4; lastKnownFileType = sourcecode.c.h; path = MBProgressHUD.h; sourceTree = "<group>"; };
		A72010811C5F0335007A09C5 /* MBProgressHUD.m */ = {isa = PBXFileReference; fileEncoding = 4; lastKnownFileType = sourcecode.c.objc; path = MBProgressHUD.m; sourceTree = "<group>"; };
		A72010821C5F0335007A09C5 /* README.mdown */ = {isa = PBXFileReference; fileEncoding = 4; lastKnownFileType = net.daringfireball.markdown; path = README.mdown; sourceTree = "<group>"; };
		A7578B681CAD1CFF00BCE34F /* BezierPath.h */ = {isa = PBXFileReference; fileEncoding = 4; lastKnownFileType = sourcecode.c.h; path = BezierPath.h; sourceTree = "<group>"; };
		A7578B691CAD1CFF00BCE34F /* BezierPath.m */ = {isa = PBXFileReference; fileEncoding = 4; lastKnownFileType = sourcecode.c.objc; path = BezierPath.m; sourceTree = "<group>"; };
		A7578B6B1CAD1D6000BCE34F /* UIBezierPath+GXDevelop.h */ = {isa = PBXFileReference; fileEncoding = 4; lastKnownFileType = sourcecode.c.h; path = "UIBezierPath+GXDevelop.h"; sourceTree = "<group>"; };
		A7578B6C1CAD1D6000BCE34F /* UIBezierPath+GXDevelop.m */ = {isa = PBXFileReference; fileEncoding = 4; lastKnownFileType = sourcecode.c.objc; path = "UIBezierPath+GXDevelop.m"; sourceTree = "<group>"; };
		A7578B6E1CAD2B6900BCE34F /* CAGradientLayer+GXDevelop.h */ = {isa = PBXFileReference; fileEncoding = 4; lastKnownFileType = sourcecode.c.h; path = "CAGradientLayer+GXDevelop.h"; sourceTree = "<group>"; };
		A7578B6F1CAD2B6900BCE34F /* CAGradientLayer+GXDevelop.m */ = {isa = PBXFileReference; fileEncoding = 4; lastKnownFileType = sourcecode.c.objc; path = "CAGradientLayer+GXDevelop.m"; sourceTree = "<group>"; };
		A75987BD1C5B1B4800953CB7 /* GXDevelopDemo.app */ = {isa = PBXFileReference; explicitFileType = wrapper.application; includeInIndex = 0; path = GXDevelopDemo.app; sourceTree = BUILT_PRODUCTS_DIR; };
		A75987C11C5B1B4800953CB7 /* main.m */ = {isa = PBXFileReference; lastKnownFileType = sourcecode.c.objc; path = main.m; sourceTree = "<group>"; };
		A75987C31C5B1B4800953CB7 /* AppDelegate.h */ = {isa = PBXFileReference; lastKnownFileType = sourcecode.c.h; path = AppDelegate.h; sourceTree = "<group>"; };
		A75987C41C5B1B4800953CB7 /* AppDelegate.m */ = {isa = PBXFileReference; lastKnownFileType = sourcecode.c.objc; path = AppDelegate.m; sourceTree = "<group>"; };
		A75987C61C5B1B4800953CB7 /* ViewController.h */ = {isa = PBXFileReference; lastKnownFileType = sourcecode.c.h; path = ViewController.h; sourceTree = "<group>"; };
		A75987C71C5B1B4800953CB7 /* ViewController.m */ = {isa = PBXFileReference; lastKnownFileType = sourcecode.c.objc; path = ViewController.m; sourceTree = "<group>"; };
		A75987CA1C5B1B4800953CB7 /* Base */ = {isa = PBXFileReference; lastKnownFileType = file.storyboard; name = Base; path = Base.lproj/Main.storyboard; sourceTree = "<group>"; };
		A75987CC1C5B1B4800953CB7 /* Assets.xcassets */ = {isa = PBXFileReference; lastKnownFileType = folder.assetcatalog; path = Assets.xcassets; sourceTree = "<group>"; };
		A75987CF1C5B1B4800953CB7 /* Base */ = {isa = PBXFileReference; lastKnownFileType = file.storyboard; name = Base; path = Base.lproj/LaunchScreen.storyboard; sourceTree = "<group>"; };
		A75987D11C5B1B4800953CB7 /* Info.plist */ = {isa = PBXFileReference; lastKnownFileType = text.plist.xml; path = Info.plist; sourceTree = "<group>"; };
		A75987D61C5B1B4900953CB7 /* GXDevelopDemo.xctest */ = {isa = PBXFileReference; explicitFileType = wrapper.cfbundle; includeInIndex = 0; path = GXDevelopDemo.xctest; sourceTree = BUILT_PRODUCTS_DIR; };
		A75987DA1C5B1B4900953CB7 /* GCXDevelopDemoTests.m */ = {isa = PBXFileReference; lastKnownFileType = sourcecode.c.objc; path = GCXDevelopDemoTests.m; sourceTree = "<group>"; };
		A75987DC1C5B1B4900953CB7 /* Info.plist */ = {isa = PBXFileReference; lastKnownFileType = text.plist.xml; path = Info.plist; sourceTree = "<group>"; };
		A75987E11C5B1B4900953CB7 /* GXDevelopDemo.xctest */ = {isa = PBXFileReference; explicitFileType = wrapper.cfbundle; includeInIndex = 0; path = GXDevelopDemo.xctest; sourceTree = BUILT_PRODUCTS_DIR; };
		A75987E51C5B1B4900953CB7 /* GCXDevelopDemoUITests.m */ = {isa = PBXFileReference; lastKnownFileType = sourcecode.c.objc; path = GCXDevelopDemoUITests.m; sourceTree = "<group>"; };
		A75987E71C5B1B4900953CB7 /* Info.plist */ = {isa = PBXFileReference; lastKnownFileType = text.plist.xml; path = Info.plist; sourceTree = "<group>"; };
		A7726CC91CAA83FF00EAA31D /* GXDevelopExtern.h */ = {isa = PBXFileReference; fileEncoding = 4; lastKnownFileType = sourcecode.c.h; path = GXDevelopExtern.h; sourceTree = "<group>"; };
		A7726CCA1CAA83FF00EAA31D /* GXDevelopExtern.m */ = {isa = PBXFileReference; fileEncoding = 4; lastKnownFileType = sourcecode.c.objc; path = GXDevelopExtern.m; sourceTree = "<group>"; };
		A7EB74121CA936F50091B3B2 /* CALayer+GXDevelop.h */ = {isa = PBXFileReference; fileEncoding = 4; lastKnownFileType = sourcecode.c.h; path = "CALayer+GXDevelop.h"; sourceTree = "<group>"; };
		A7EB74131CA936F50091B3B2 /* CALayer+GXDevelop.m */ = {isa = PBXFileReference; fileEncoding = 4; lastKnownFileType = sourcecode.c.objc; path = "CALayer+GXDevelop.m"; sourceTree = "<group>"; };
		A7EB74141CA936F50091B3B2 /* GXDevelop.h */ = {isa = PBXFileReference; fileEncoding = 4; lastKnownFileType = sourcecode.c.h; path = GXDevelop.h; sourceTree = "<group>"; };
		A7EB74151CA936F50091B3B2 /* GXDevelopKey.h */ = {isa = PBXFileReference; fileEncoding = 4; lastKnownFileType = sourcecode.c.h; path = GXDevelopKey.h; sourceTree = "<group>"; };
		A7EB74161CA936F50091B3B2 /* GXFrameInButton.h */ = {isa = PBXFileReference; fileEncoding = 4; lastKnownFileType = sourcecode.c.h; path = GXFrameInButton.h; sourceTree = "<group>"; };
		A7EB74171CA936F50091B3B2 /* GXFrameInButton.m */ = {isa = PBXFileReference; fileEncoding = 4; lastKnownFileType = sourcecode.c.objc; path = GXFrameInButton.m; sourceTree = "<group>"; };
		A7EB74181CA936F50091B3B2 /* MBProgressHUD+GXDevelop.h */ = {isa = PBXFileReference; fileEncoding = 4; lastKnownFileType = sourcecode.c.h; path = "MBProgressHUD+GXDevelop.h"; sourceTree = "<group>"; };
		A7EB74191CA936F50091B3B2 /* MBProgressHUD+GXDevelop.m */ = {isa = PBXFileReference; fileEncoding = 4; lastKnownFileType = sourcecode.c.objc; path = "MBProgressHUD+GXDevelop.m"; sourceTree = "<group>"; };
		A7EB741A1CA936F50091B3B2 /* NSAttributedString+GXDevelop.h */ = {isa = PBXFileReference; fileEncoding = 4; lastKnownFileType = sourcecode.c.h; path = "NSAttributedString+GXDevelop.h"; sourceTree = "<group>"; };
		A7EB741B1CA936F50091B3B2 /* NSAttributedString+GXDevelop.m */ = {isa = PBXFileReference; fileEncoding = 4; lastKnownFileType = sourcecode.c.objc; path = "NSAttributedString+GXDevelop.m"; sourceTree = "<group>"; };
		A7EB741C1CA936F50091B3B2 /* NSData+GXDevelop.h */ = {isa = PBXFileReference; fileEncoding = 4; lastKnownFileType = sourcecode.c.h; path = "NSData+GXDevelop.h"; sourceTree = "<group>"; };
		A7EB741D1CA936F50091B3B2 /* NSData+GXDevelop.m */ = {isa = PBXFileReference; fileEncoding = 4; lastKnownFileType = sourcecode.c.objc; path = "NSData+GXDevelop.m"; sourceTree = "<group>"; };
		A7EB741E1CA936F50091B3B2 /* NSFileManager+GXDevelop.h */ = {isa = PBXFileReference; fileEncoding = 4; lastKnownFileType = sourcecode.c.h; path = "NSFileManager+GXDevelop.h"; sourceTree = "<group>"; };
		A7EB741F1CA936F50091B3B2 /* NSFileManager+GXDevelop.m */ = {isa = PBXFileReference; fileEncoding = 4; lastKnownFileType = sourcecode.c.objc; path = "NSFileManager+GXDevelop.m"; sourceTree = "<group>"; };
		A7EB74201CA936F50091B3B2 /* NSString+GXDevelop.h */ = {isa = PBXFileReference; fileEncoding = 4; lastKnownFileType = sourcecode.c.h; path = "NSString+GXDevelop.h"; sourceTree = "<group>"; };
		A7EB74211CA936F50091B3B2 /* NSString+GXDevelop.m */ = {isa = PBXFileReference; fileEncoding = 4; lastKnownFileType = sourcecode.c.objc; path = "NSString+GXDevelop.m"; sourceTree = "<group>"; };
		A7EB74221CA936F50091B3B2 /* UIButton+GXDevelop.h */ = {isa = PBXFileReference; fileEncoding = 4; lastKnownFileType = sourcecode.c.h; path = "UIButton+GXDevelop.h"; sourceTree = "<group>"; };
		A7EB74231CA936F50091B3B2 /* UIButton+GXDevelop.m */ = {isa = PBXFileReference; fileEncoding = 4; lastKnownFileType = sourcecode.c.objc; path = "UIButton+GXDevelop.m"; sourceTree = "<group>"; };
		A7EB74241CA936F50091B3B2 /* UIDevice+GXDevelop.h */ = {isa = PBXFileReference; fileEncoding = 4; lastKnownFileType = sourcecode.c.h; path = "UIDevice+GXDevelop.h"; sourceTree = "<group>"; };
		A7EB74251CA936F50091B3B2 /* UIDevice+GXDevelop.m */ = {isa = PBXFileReference; fileEncoding = 4; lastKnownFileType = sourcecode.c.objc; path = "UIDevice+GXDevelop.m"; sourceTree = "<group>"; };
		A7EB74261CA936F50091B3B2 /* UIImage+GXDevelop.h */ = {isa = PBXFileReference; fileEncoding = 4; lastKnownFileType = sourcecode.c.h; path = "UIImage+GXDevelop.h"; sourceTree = "<group>"; };
		A7EB74271CA936F50091B3B2 /* UIImage+GXDevelop.m */ = {isa = PBXFileReference; fileEncoding = 4; lastKnownFileType = sourcecode.c.objc; path = "UIImage+GXDevelop.m"; sourceTree = "<group>"; };
		A7EB74281CA936F50091B3B2 /* UIImageView+GXDevelop.h */ = {isa = PBXFileReference; fileEncoding = 4; lastKnownFileType = sourcecode.c.h; path = "UIImageView+GXDevelop.h"; sourceTree = "<group>"; };
		A7EB74291CA936F50091B3B2 /* UIImageView+GXDevelop.m */ = {isa = PBXFileReference; fileEncoding = 4; lastKnownFileType = sourcecode.c.objc; path = "UIImageView+GXDevelop.m"; sourceTree = "<group>"; };
		A7EB742A1CA936F50091B3B2 /* UILabel+GXDevelop.h */ = {isa = PBXFileReference; fileEncoding = 4; lastKnownFileType = sourcecode.c.h; path = "UILabel+GXDevelop.h"; sourceTree = "<group>"; };
		A7EB742B1CA936F50091B3B2 /* UILabel+GXDevelop.m */ = {isa = PBXFileReference; fileEncoding = 4; lastKnownFileType = sourcecode.c.objc; path = "UILabel+GXDevelop.m"; sourceTree = "<group>"; };
		A7EB742C1CA936F50091B3B2 /* UIPageControl+GXDevelop.h */ = {isa = PBXFileReference; fileEncoding = 4; lastKnownFileType = sourcecode.c.h; path = "UIPageControl+GXDevelop.h"; sourceTree = "<group>"; };
		A7EB742D1CA936F50091B3B2 /* UIPageControl+GXDevelop.m */ = {isa = PBXFileReference; fileEncoding = 4; lastKnownFileType = sourcecode.c.objc; path = "UIPageControl+GXDevelop.m"; sourceTree = "<group>"; };
		A7EB742E1CA936F50091B3B2 /* UIView+GXDevelop.h */ = {isa = PBXFileReference; fileEncoding = 4; lastKnownFileType = sourcecode.c.h; path = "UIView+GXDevelop.h"; sourceTree = "<group>"; };
		A7EB742F1CA936F50091B3B2 /* UIView+GXDevelop.m */ = {isa = PBXFileReference; fileEncoding = 4; lastKnownFileType = sourcecode.c.objc; path = "UIView+GXDevelop.m"; sourceTree = "<group>"; };
		A7EB74301CA936F50091B3B2 /* UIView+GXDevelopAnimation.h */ = {isa = PBXFileReference; fileEncoding = 4; lastKnownFileType = sourcecode.c.h; path = "UIView+GXDevelopAnimation.h"; sourceTree = "<group>"; };
		A7EB74311CA936F50091B3B2 /* UIView+GXDevelopAnimation.m */ = {isa = PBXFileReference; fileEncoding = 4; lastKnownFileType = sourcecode.c.objc; path = "UIView+GXDevelopAnimation.m"; sourceTree = "<group>"; };
/* End PBXFileReference section */

/* Begin PBXFrameworksBuildPhase section */
		A75987BA1C5B1B4800953CB7 /* Frameworks */ = {
			isa = PBXFrameworksBuildPhase;
			buildActionMask = 2147483647;
			files = (
			);
			runOnlyForDeploymentPostprocessing = 0;
		};
		A75987D31C5B1B4900953CB7 /* Frameworks */ = {
			isa = PBXFrameworksBuildPhase;
			buildActionMask = 2147483647;
			files = (
			);
			runOnlyForDeploymentPostprocessing = 0;
		};
		A75987DE1C5B1B4900953CB7 /* Frameworks */ = {
			isa = PBXFrameworksBuildPhase;
			buildActionMask = 2147483647;
			files = (
			);
			runOnlyForDeploymentPostprocessing = 0;
		};
/* End PBXFrameworksBuildPhase section */

/* Begin PBXGroup section */
		A720107E1C5F0335007A09C5 /* MBProgressHUD */ = {
			isa = PBXGroup;
			children = (
				A720107F1C5F0335007A09C5 /* LICENSE */,
				A72010801C5F0335007A09C5 /* MBProgressHUD.h */,
				A72010811C5F0335007A09C5 /* MBProgressHUD.m */,
				A72010821C5F0335007A09C5 /* README.mdown */,
			);
			path = MBProgressHUD;
			sourceTree = "<group>";
		};
		A75987B41C5B1B4800953CB7 = {
			isa = PBXGroup;
			children = (
				A7EB74111CA936F50091B3B2 /* GXDevelop */,
				A720107E1C5F0335007A09C5 /* MBProgressHUD */,
				A75987BF1C5B1B4800953CB7 /* GCXDevelopDemo */,
				A75987D91C5B1B4900953CB7 /* GCXDevelopDemoTests */,
				A75987E41C5B1B4900953CB7 /* GCXDevelopDemoUITests */,
				A75987BE1C5B1B4800953CB7 /* Products */,
			);
			sourceTree = "<group>";
		};
		A75987BE1C5B1B4800953CB7 /* Products */ = {
			isa = PBXGroup;
			children = (
				A75987BD1C5B1B4800953CB7 /* GXDevelopDemo.app */,
				A75987D61C5B1B4900953CB7 /* GXDevelopDemo.xctest */,
				A75987E11C5B1B4900953CB7 /* GXDevelopDemo.xctest */,
			);
			name = Products;
			sourceTree = "<group>";
		};
		A75987BF1C5B1B4800953CB7 /* GCXDevelopDemo */ = {
			isa = PBXGroup;
			children = (
				A75987C31C5B1B4800953CB7 /* AppDelegate.h */,
				A75987C41C5B1B4800953CB7 /* AppDelegate.m */,
				A75987C61C5B1B4800953CB7 /* ViewController.h */,
				A75987C71C5B1B4800953CB7 /* ViewController.m */,
				A7578B681CAD1CFF00BCE34F /* BezierPath.h */,
				A7578B691CAD1CFF00BCE34F /* BezierPath.m */,
				A75987C91C5B1B4800953CB7 /* Main.storyboard */,
				A75987CC1C5B1B4800953CB7 /* Assets.xcassets */,
				A75987CE1C5B1B4800953CB7 /* LaunchScreen.storyboard */,
				A75987D11C5B1B4800953CB7 /* Info.plist */,
				A75987C01C5B1B4800953CB7 /* Supporting Files */,
			);
			path = GCXDevelopDemo;
			sourceTree = "<group>";
		};
		A75987C01C5B1B4800953CB7 /* Supporting Files */ = {
			isa = PBXGroup;
			children = (
				A75987C11C5B1B4800953CB7 /* main.m */,
			);
			name = "Supporting Files";
			sourceTree = "<group>";
		};
		A75987D91C5B1B4900953CB7 /* GCXDevelopDemoTests */ = {
			isa = PBXGroup;
			children = (
				A75987DA1C5B1B4900953CB7 /* GCXDevelopDemoTests.m */,
				A75987DC1C5B1B4900953CB7 /* Info.plist */,
			);
			path = GCXDevelopDemoTests;
			sourceTree = "<group>";
		};
		A75987E41C5B1B4900953CB7 /* GCXDevelopDemoUITests */ = {
			isa = PBXGroup;
			children = (
				A75987E51C5B1B4900953CB7 /* GCXDevelopDemoUITests.m */,
				A75987E71C5B1B4900953CB7 /* Info.plist */,
			);
			path = GCXDevelopDemoUITests;
			sourceTree = "<group>";
		};
		A7EB74111CA936F50091B3B2 /* GXDevelop */ = {
			isa = PBXGroup;
			children = (
				A7EB74121CA936F50091B3B2 /* CALayer+GXDevelop.h */,
				A7EB74131CA936F50091B3B2 /* CALayer+GXDevelop.m */,
				A7578B6E1CAD2B6900BCE34F /* CAGradientLayer+GXDevelop.h */,
				A7578B6F1CAD2B6900BCE34F /* CAGradientLayer+GXDevelop.m */,
				A7EB74141CA936F50091B3B2 /* GXDevelop.h */,
				A7EB74151CA936F50091B3B2 /* GXDevelopKey.h */,
				A7726CC91CAA83FF00EAA31D /* GXDevelopExtern.h */,
				A7726CCA1CAA83FF00EAA31D /* GXDevelopExtern.m */,
				A7EB74161CA936F50091B3B2 /* GXFrameInButton.h */,
				A7EB74171CA936F50091B3B2 /* GXFrameInButton.m */,
				A7EB74181CA936F50091B3B2 /* MBProgressHUD+GXDevelop.h */,
				A7EB74191CA936F50091B3B2 /* MBProgressHUD+GXDevelop.m */,
				A7EB741A1CA936F50091B3B2 /* NSAttributedString+GXDevelop.h */,
				A7EB741B1CA936F50091B3B2 /* NSAttributedString+GXDevelop.m */,
				A7EB741C1CA936F50091B3B2 /* NSData+GXDevelop.h */,
				A7EB741D1CA936F50091B3B2 /* NSData+GXDevelop.m */,
				A7EB741E1CA936F50091B3B2 /* NSFileManager+GXDevelop.h */,
				A7EB741F1CA936F50091B3B2 /* NSFileManager+GXDevelop.m */,
				A7EB74201CA936F50091B3B2 /* NSString+GXDevelop.h */,
				A7EB74211CA936F50091B3B2 /* NSString+GXDevelop.m */,
				A7EB74221CA936F50091B3B2 /* UIButton+GXDevelop.h */,
				A7EB74231CA936F50091B3B2 /* UIButton+GXDevelop.m */,
				A7EB74241CA936F50091B3B2 /* UIDevice+GXDevelop.h */,
				A7EB74251CA936F50091B3B2 /* UIDevice+GXDevelop.m */,
				A7EB74261CA936F50091B3B2 /* UIImage+GXDevelop.h */,
				A7EB74271CA936F50091B3B2 /* UIImage+GXDevelop.m */,
				A7EB74281CA936F50091B3B2 /* UIImageView+GXDevelop.h */,
				A7EB74291CA936F50091B3B2 /* UIImageView+GXDevelop.m */,
				A7EB742A1CA936F50091B3B2 /* UILabel+GXDevelop.h */,
				A7EB742B1CA936F50091B3B2 /* UILabel+GXDevelop.m */,
				A7EB742C1CA936F50091B3B2 /* UIPageControl+GXDevelop.h */,
				A7EB742D1CA936F50091B3B2 /* UIPageControl+GXDevelop.m */,
				A7EB742E1CA936F50091B3B2 /* UIView+GXDevelop.h */,
				A7EB742F1CA936F50091B3B2 /* UIView+GXDevelop.m */,
				A7EB74301CA936F50091B3B2 /* UIView+GXDevelopAnimation.h */,
				A7EB74311CA936F50091B3B2 /* UIView+GXDevelopAnimation.m */,
				A7578B6B1CAD1D6000BCE34F /* UIBezierPath+GXDevelop.h */,
				A7578B6C1CAD1D6000BCE34F /* UIBezierPath+GXDevelop.m */,
			);
			path = GXDevelop;
			sourceTree = "<group>";
		};
/* End PBXGroup section */

/* Begin PBXNativeTarget section */
		A75987BC1C5B1B4800953CB7 /* GXDevelopDemo */ = {
			isa = PBXNativeTarget;
			buildConfigurationList = A75987EA1C5B1B4900953CB7 /* Build configuration list for PBXNativeTarget "GXDevelopDemo" */;
			buildPhases = (
				A75987B91C5B1B4800953CB7 /* Sources */,
				A75987BA1C5B1B4800953CB7 /* Frameworks */,
				A75987BB1C5B1B4800953CB7 /* Resources */,
			);
			buildRules = (
			);
			dependencies = (
			);
			name = GXDevelopDemo;
			productName = GCXDevelopDemo;
			productReference = A75987BD1C5B1B4800953CB7 /* GXDevelopDemo.app */;
			productType = "com.apple.product-type.application";
		};
		A75987D51C5B1B4900953CB7 /* GXDevelopDemoTests */ = {
			isa = PBXNativeTarget;
			buildConfigurationList = A75987ED1C5B1B4900953CB7 /* Build configuration list for PBXNativeTarget "GXDevelopDemoTests" */;
			buildPhases = (
				A75987D21C5B1B4900953CB7 /* Sources */,
				A75987D31C5B1B4900953CB7 /* Frameworks */,
				A75987D41C5B1B4900953CB7 /* Resources */,
			);
			buildRules = (
			);
			dependencies = (
				A75987D81C5B1B4900953CB7 /* PBXTargetDependency */,
			);
			name = GXDevelopDemoTests;
			productName = GCXDevelopDemoTests;
			productReference = A75987D61C5B1B4900953CB7 /* GXDevelopDemo.xctest */;
			productType = "com.apple.product-type.bundle.unit-test";
		};
		A75987E01C5B1B4900953CB7 /* GXDevelopDemoUITests */ = {
			isa = PBXNativeTarget;
			buildConfigurationList = A75987F01C5B1B4900953CB7 /* Build configuration list for PBXNativeTarget "GXDevelopDemoUITests" */;
			buildPhases = (
				A75987DD1C5B1B4900953CB7 /* Sources */,
				A75987DE1C5B1B4900953CB7 /* Frameworks */,
				A75987DF1C5B1B4900953CB7 /* Resources */,
			);
			buildRules = (
			);
			dependencies = (
				A75987E31C5B1B4900953CB7 /* PBXTargetDependency */,
			);
			name = GXDevelopDemoUITests;
			productName = GCXDevelopDemoUITests;
			productReference = A75987E11C5B1B4900953CB7 /* GXDevelopDemo.xctest */;
			productType = "com.apple.product-type.bundle.ui-testing";
		};
/* End PBXNativeTarget section */

/* Begin PBXProject section */
		A75987B51C5B1B4800953CB7 /* Project object */ = {
			isa = PBXProject;
			attributes = {
				LastUpgradeCheck = 0720;
				ORGANIZATIONNAME = "高才新";
				TargetAttributes = {
					A75987BC1C5B1B4800953CB7 = {
						CreatedOnToolsVersion = 7.2;
					};
					A75987D51C5B1B4900953CB7 = {
						CreatedOnToolsVersion = 7.2;
						TestTargetID = A75987BC1C5B1B4800953CB7;
					};
					A75987E01C5B1B4900953CB7 = {
						CreatedOnToolsVersion = 7.2;
						TestTargetID = A75987BC1C5B1B4800953CB7;
					};
				};
			};
			buildConfigurationList = A75987B81C5B1B4800953CB7 /* Build configuration list for PBXProject "GXDevelopDemo" */;
			compatibilityVersion = "Xcode 3.2";
			developmentRegion = English;
			hasScannedForEncodings = 0;
			knownRegions = (
				en,
				Base,
			);
			mainGroup = A75987B41C5B1B4800953CB7;
			productRefGroup = A75987BE1C5B1B4800953CB7 /* Products */;
			projectDirPath = "";
			projectRoot = "";
			targets = (
				A75987BC1C5B1B4800953CB7 /* GXDevelopDemo */,
				A75987D51C5B1B4900953CB7 /* GXDevelopDemoTests */,
				A75987E01C5B1B4900953CB7 /* GXDevelopDemoUITests */,
			);
		};
/* End PBXProject section */

/* Begin PBXResourcesBuildPhase section */
		A75987BB1C5B1B4800953CB7 /* Resources */ = {
			isa = PBXResourcesBuildPhase;
			buildActionMask = 2147483647;
			files = (
				A75987D01C5B1B4800953CB7 /* LaunchScreen.storyboard in Resources */,
				A75987CD1C5B1B4800953CB7 /* Assets.xcassets in Resources */,
				A72010831C5F0335007A09C5 /* LICENSE in Resources */,
				A75987CB1C5B1B4800953CB7 /* Main.storyboard in Resources */,
			);
			runOnlyForDeploymentPostprocessing = 0;
		};
		A75987D41C5B1B4900953CB7 /* Resources */ = {
			isa = PBXResourcesBuildPhase;
			buildActionMask = 2147483647;
			files = (
			);
			runOnlyForDeploymentPostprocessing = 0;
		};
		A75987DF1C5B1B4900953CB7 /* Resources */ = {
			isa = PBXResourcesBuildPhase;
			buildActionMask = 2147483647;
			files = (
			);
			runOnlyForDeploymentPostprocessing = 0;
		};
/* End PBXResourcesBuildPhase section */

/* Begin PBXSourcesBuildPhase section */
		A75987B91C5B1B4800953CB7 /* Sources */ = {
			isa = PBXSourcesBuildPhase;
			buildActionMask = 2147483647;
			files = (
				A7EB74331CA936F50091B3B2 /* GXFrameInButton.m in Sources */,
				A7EB74361CA936F50091B3B2 /* NSData+GXDevelop.m in Sources */,
				A7EB74391CA936F50091B3B2 /* UIButton+GXDevelop.m in Sources */,
				A75987C81C5B1B4800953CB7 /* ViewController.m in Sources */,
				A7EB74401CA936F50091B3B2 /* UIView+GXDevelopAnimation.m in Sources */,
				A7EB74341CA936F50091B3B2 /* MBProgressHUD+GXDevelop.m in Sources */,
				A7EB74381CA936F50091B3B2 /* NSString+GXDevelop.m in Sources */,
				A75987C51C5B1B4800953CB7 /* AppDelegate.m in Sources */,
				A7EB743C1CA936F50091B3B2 /* UIImageView+GXDevelop.m in Sources */,
				A7726CCB1CAA83FF00EAA31D /* GXDevelopExtern.m in Sources */,
				A7EB743F1CA936F50091B3B2 /* UIView+GXDevelop.m in Sources */,
				A75987C21C5B1B4800953CB7 /* main.m in Sources */,
				A72010841C5F0335007A09C5 /* MBProgressHUD.m in Sources */,
				A7EB743D1CA936F50091B3B2 /* UILabel+GXDevelop.m in Sources */,
				A7EB74351CA936F50091B3B2 /* NSAttributedString+GXDevelop.m in Sources */,
				A7578B6A1CAD1CFF00BCE34F /* BezierPath.m in Sources */,
				A7EB74321CA936F50091B3B2 /* CALayer+GXDevelop.m in Sources */,
				A72010851C5F0335007A09C5 /* README.mdown in Sources */,
				A7EB743B1CA936F50091B3B2 /* UIImage+GXDevelop.m in Sources */,
				A7EB743E1CA936F50091B3B2 /* UIPageControl+GXDevelop.m in Sources */,
				A7578B6D1CAD1D6000BCE34F /* UIBezierPath+GXDevelop.m in Sources */,
				A7EB743A1CA936F50091B3B2 /* UIDevice+GXDevelop.m in Sources */,
				A7578B701CAD2B6900BCE34F /* CAGradientLayer+GXDevelop.m in Sources */,
				A7EB74371CA936F50091B3B2 /* NSFileManager+GXDevelop.m in Sources */,
			);
			runOnlyForDeploymentPostprocessing = 0;
		};
		A75987D21C5B1B4900953CB7 /* Sources */ = {
			isa = PBXSourcesBuildPhase;
			buildActionMask = 2147483647;
			files = (
				A75987DB1C5B1B4900953CB7 /* GCXDevelopDemoTests.m in Sources */,
			);
			runOnlyForDeploymentPostprocessing = 0;
		};
		A75987DD1C5B1B4900953CB7 /* Sources */ = {
			isa = PBXSourcesBuildPhase;
			buildActionMask = 2147483647;
			files = (
				A75987E61C5B1B4900953CB7 /* GCXDevelopDemoUITests.m in Sources */,
			);
			runOnlyForDeploymentPostprocessing = 0;
		};
/* End PBXSourcesBuildPhase section */

/* Begin PBXTargetDependency section */
		A75987D81C5B1B4900953CB7 /* PBXTargetDependency */ = {
			isa = PBXTargetDependency;
			target = A75987BC1C5B1B4800953CB7 /* GXDevelopDemo */;
			targetProxy = A75987D71C5B1B4900953CB7 /* PBXContainerItemProxy */;
		};
		A75987E31C5B1B4900953CB7 /* PBXTargetDependency */ = {
			isa = PBXTargetDependency;
			target = A75987BC1C5B1B4800953CB7 /* GXDevelopDemo */;
			targetProxy = A75987E21C5B1B4900953CB7 /* PBXContainerItemProxy */;
		};
/* End PBXTargetDependency section */

/* Begin PBXVariantGroup section */
		A75987C91C5B1B4800953CB7 /* Main.storyboard */ = {
			isa = PBXVariantGroup;
			children = (
				A75987CA1C5B1B4800953CB7 /* Base */,
			);
			name = Main.storyboard;
			sourceTree = "<group>";
		};
		A75987CE1C5B1B4800953CB7 /* LaunchScreen.storyboard */ = {
			isa = PBXVariantGroup;
			children = (
				A75987CF1C5B1B4800953CB7 /* Base */,
			);
			name = LaunchScreen.storyboard;
			sourceTree = "<group>";
		};
/* End PBXVariantGroup section */

/* Begin XCBuildConfiguration section */
		A75987E81C5B1B4900953CB7 /* Debug */ = {
			isa = XCBuildConfiguration;
			buildSettings = {
				ALWAYS_SEARCH_USER_PATHS = NO;
				CLANG_CXX_LANGUAGE_STANDARD = "gnu++0x";
				CLANG_CXX_LIBRARY = "libc++";
				CLANG_ENABLE_MODULES = YES;
				CLANG_ENABLE_OBJC_ARC = YES;
				CLANG_WARN_BOOL_CONVERSION = YES;
				CLANG_WARN_CONSTANT_CONVERSION = YES;
				CLANG_WARN_DIRECT_OBJC_ISA_USAGE = YES_ERROR;
				CLANG_WARN_EMPTY_BODY = YES;
				CLANG_WARN_ENUM_CONVERSION = YES;
				CLANG_WARN_INT_CONVERSION = YES;
				CLANG_WARN_OBJC_ROOT_CLASS = YES_ERROR;
				CLANG_WARN_UNREACHABLE_CODE = YES;
				CLANG_WARN__DUPLICATE_METHOD_MATCH = YES;
				"CODE_SIGN_IDENTITY[sdk=iphoneos*]" = "iPhone Developer";
				COPY_PHASE_STRIP = NO;
				DEBUG_INFORMATION_FORMAT = dwarf;
				ENABLE_STRICT_OBJC_MSGSEND = YES;
				ENABLE_TESTABILITY = YES;
				GCC_C_LANGUAGE_STANDARD = gnu99;
				GCC_DYNAMIC_NO_PIC = NO;
				GCC_NO_COMMON_BLOCKS = YES;
				GCC_OPTIMIZATION_LEVEL = 0;
				GCC_PREPROCESSOR_DEFINITIONS = (
					"DEBUG=1",
					"$(inherited)",
				);
				GCC_WARN_64_TO_32_BIT_CONVERSION = YES;
				GCC_WARN_ABOUT_RETURN_TYPE = YES_ERROR;
				GCC_WARN_UNDECLARED_SELECTOR = YES;
				GCC_WARN_UNINITIALIZED_AUTOS = YES_AGGRESSIVE;
				GCC_WARN_UNUSED_FUNCTION = YES;
				GCC_WARN_UNUSED_VARIABLE = YES;
				IPHONEOS_DEPLOYMENT_TARGET = 9.2;
				MTL_ENABLE_DEBUG_INFO = YES;
				ONLY_ACTIVE_ARCH = YES;
				SDKROOT = iphoneos;
				TARGETED_DEVICE_FAMILY = "1,2";
			};
			name = Debug;
		};
		A75987E91C5B1B4900953CB7 /* Release */ = {
			isa = XCBuildConfiguration;
			buildSettings = {
				ALWAYS_SEARCH_USER_PATHS = NO;
				CLANG_CXX_LANGUAGE_STANDARD = "gnu++0x";
				CLANG_CXX_LIBRARY = "libc++";
				CLANG_ENABLE_MODULES = YES;
				CLANG_ENABLE_OBJC_ARC = YES;
				CLANG_WARN_BOOL_CONVERSION = YES;
				CLANG_WARN_CONSTANT_CONVERSION = YES;
				CLANG_WARN_DIRECT_OBJC_ISA_USAGE = YES_ERROR;
				CLANG_WARN_EMPTY_BODY = YES;
				CLANG_WARN_ENUM_CONVERSION = YES;
				CLANG_WARN_INT_CONVERSION = YES;
				CLANG_WARN_OBJC_ROOT_CLASS = YES_ERROR;
				CLANG_WARN_UNREACHABLE_CODE = YES;
				CLANG_WARN__DUPLICATE_METHOD_MATCH = YES;
				"CODE_SIGN_IDENTITY[sdk=iphoneos*]" = "iPhone Developer";
				COPY_PHASE_STRIP = NO;
				DEBUG_INFORMATION_FORMAT = "dwarf-with-dsym";
				ENABLE_NS_ASSERTIONS = NO;
				ENABLE_STRICT_OBJC_MSGSEND = YES;
				GCC_C_LANGUAGE_STANDARD = gnu99;
				GCC_NO_COMMON_BLOCKS = YES;
				GCC_WARN_64_TO_32_BIT_CONVERSION = YES;
				GCC_WARN_ABOUT_RETURN_TYPE = YES_ERROR;
				GCC_WARN_UNDECLARED_SELECTOR = YES;
				GCC_WARN_UNINITIALIZED_AUTOS = YES_AGGRESSIVE;
				GCC_WARN_UNUSED_FUNCTION = YES;
				GCC_WARN_UNUSED_VARIABLE = YES;
				IPHONEOS_DEPLOYMENT_TARGET = 9.2;
				MTL_ENABLE_DEBUG_INFO = NO;
				SDKROOT = iphoneos;
				TARGETED_DEVICE_FAMILY = "1,2";
				VALIDATE_PRODUCT = YES;
			};
			name = Release;
		};
		A75987EB1C5B1B4900953CB7 /* Debug */ = {
			isa = XCBuildConfiguration;
			buildSettings = {
				ASSETCATALOG_COMPILER_APPICON_NAME = AppIcon;
				INFOPLIST_FILE = GCXDevelopDemo/Info.plist;
				LD_RUNPATH_SEARCH_PATHS = "$(inherited) @executable_path/Frameworks";
				PRODUCT_BUNDLE_IDENTIFIER = demo.GCXDevelopDemo;
				PRODUCT_NAME = GXDevelopDemo;
			};
			name = Debug;
		};
		A75987EC1C5B1B4900953CB7 /* Release */ = {
			isa = XCBuildConfiguration;
			buildSettings = {
				ASSETCATALOG_COMPILER_APPICON_NAME = AppIcon;
				INFOPLIST_FILE = GCXDevelopDemo/Info.plist;
				LD_RUNPATH_SEARCH_PATHS = "$(inherited) @executable_path/Frameworks";
				PRODUCT_BUNDLE_IDENTIFIER = demo.GCXDevelopDemo;
				PRODUCT_NAME = GXDevelopDemo;
			};
			name = Release;
		};
		A75987EE1C5B1B4900953CB7 /* Debug */ = {
			isa = XCBuildConfiguration;
			buildSettings = {
				BUNDLE_LOADER = "$(TEST_HOST)";
				INFOPLIST_FILE = GCXDevelopDemoTests/Info.plist;
				LD_RUNPATH_SEARCH_PATHS = "$(inherited) @executable_path/Frameworks @loader_path/Frameworks";
				PRODUCT_BUNDLE_IDENTIFIER = demo.GCXDevelopDemoTests;
				PRODUCT_NAME = GXDevelopDemo;
				TEST_HOST = "$(BUILT_PRODUCTS_DIR)/GXDevelopDemo.app/GXDevelopDemo";
			};
			name = Debug;
		};
		A75987EF1C5B1B4900953CB7 /* Release */ = {
			isa = XCBuildConfiguration;
			buildSettings = {
				BUNDLE_LOADER = "$(TEST_HOST)";
				INFOPLIST_FILE = GCXDevelopDemoTests/Info.plist;
				LD_RUNPATH_SEARCH_PATHS = "$(inherited) @executable_path/Frameworks @loader_path/Frameworks";
				PRODUCT_BUNDLE_IDENTIFIER = demo.GCXDevelopDemoTests;
				PRODUCT_NAME = GXDevelopDemo;
				TEST_HOST = "$(BUILT_PRODUCTS_DIR)/GXDevelopDemo.app/GXDevelopDemo";
			};
			name = Release;
		};
		A75987F11C5B1B4900953CB7 /* Debug */ = {
			isa = XCBuildConfiguration;
			buildSettings = {
				INFOPLIST_FILE = GCXDevelopDemoUITests/Info.plist;
				LD_RUNPATH_SEARCH_PATHS = "$(inherited) @executable_path/Frameworks @loader_path/Frameworks";
				PRODUCT_BUNDLE_IDENTIFIER = demo.GCXDevelopDemoUITests;
				PRODUCT_NAME = GXDevelopDemo;
				TEST_TARGET_NAME = GCXDevelopDemo;
				USES_XCTRUNNER = YES;
			};
			name = Debug;
		};
		A75987F21C5B1B4900953CB7 /* Release */ = {
			isa = XCBuildConfiguration;
			buildSettings = {
				INFOPLIST_FILE = GCXDevelopDemoUITests/Info.plist;
				LD_RUNPATH_SEARCH_PATHS = "$(inherited) @executable_path/Frameworks @loader_path/Frameworks";
				PRODUCT_BUNDLE_IDENTIFIER = demo.GCXDevelopDemoUITests;
				PRODUCT_NAME = GXDevelopDemo;
				TEST_TARGET_NAME = GCXDevelopDemo;
				USES_XCTRUNNER = YES;
			};
			name = Release;
		};
/* End XCBuildConfiguration section */

/* Begin XCConfigurationList section */
		A75987B81C5B1B4800953CB7 /* Build configuration list for PBXProject "GXDevelopDemo" */ = {
			isa = XCConfigurationList;
			buildConfigurations = (
				A75987E81C5B1B4900953CB7 /* Debug */,
				A75987E91C5B1B4900953CB7 /* Release */,
			);
			defaultConfigurationIsVisible = 0;
			defaultConfigurationName = Release;
		};
		A75987EA1C5B1B4900953CB7 /* Build configuration list for PBXNativeTarget "GXDevelopDemo" */ = {
			isa = XCConfigurationList;
			buildConfigurations = (
				A75987EB1C5B1B4900953CB7 /* Debug */,
				A75987EC1C5B1B4900953CB7 /* Release */,
			);
			defaultConfigurationIsVisible = 0;
			defaultConfigurationName = Release;
		};
		A75987ED1C5B1B4900953CB7 /* Build configuration list for PBXNativeTarget "GXDevelopDemoTests" */ = {
			isa = XCConfigurationList;
			buildConfigurations = (
				A75987EE1C5B1B4900953CB7 /* Debug */,
				A75987EF1C5B1B4900953CB7 /* Release */,
			);
			defaultConfigurationIsVisible = 0;
			defaultConfigurationName = Release;
		};
		A75987F01C5B1B4900953CB7 /* Build configuration list for PBXNativeTarget "GXDevelopDemoUITests" */ = {
			isa = XCConfigurationList;
			buildConfigurations = (
				A75987F11C5B1B4900953CB7 /* Debug */,
				A75987F21C5B1B4900953CB7 /* Release */,
			);
			defaultConfigurationIsVisible = 0;
			defaultConfigurationName = Release;
		};
/* End XCConfigurationList section */
	};
	rootObject = A75987B51C5B1B4800953CB7 /* Project object */;
}
